
Microsoft Visual Studio Solution File, Format Version 12.00
# Visual Studio Version 16
VisualStudioVersion = 16.0.810.10
MinimumVisualStudioVersion = 10.0.40219.1
Project("{FAE04EC0-301F-11D3-BF4B-00C04F79EFBC}") = "OperatorExercise", "OperatorExercise\OperatorExercise.csproj", "{E72BE7E3-91F0-4A0B-BEC1-1BCF7EF6D198}"
EndProject
Global
	GlobalSection(SolutionConfigurationPlatforms) = preSolution
		Debug|Any CPU = Debug|Any CPU
		Release|Any CPU = Release|Any CPU
	EndGlobalSection
	GlobalSection(ProjectConfigurationPlatforms) = postSolution
		{E72BE7E3-91F0-4A0B-BEC1-1BCF7EF6D198}.Debug|Any CPU.ActiveCfg = Debug|Any CPU
		{E72BE7E3-91F0-4A0B-BEC1-1BCF7EF6D198}.Debug|Any CPU.Build.0 = Debug|Any CPU
		{E72BE7E3-91F0-4A0B-BEC1-1BCF7EF6D198}.Release|Any CPU.ActiveCfg = Release|Any CPU
		{E72BE7E3-91F0-4A0B-BEC1-1BCF7EF6D198}.Release|Any CPU.Build.0 = Release|Any CPU
	EndGlobalSection
	GlobalSection(SolutionProperties) = preSolution
		HideSolutionNode = FALSE
	EndGlobalSection
	GlobalSection(ExtensibilityGlobals) = postSolution
		SolutionGuid = {04A256D4-45EF-4E28-A710-C48F42562109}
	EndGlobalSection
EndGlobal
